<?xml version="1.0" encoding="utf-8"?>
<Project ToolsVersion="4.0" xmlns="http://schemas.microsoft.com/developer/msbuild/2003">
  <ItemGroup>
    <Filter Include="Archivos de origen">
      <UniqueIdentifier>{4FC737F1-C7A5-4376-A066-2A32D752A2FF}</UniqueIdentifier>
      <Extensions>cpp;c;cc;cxx;c++;def;odl;idl;hpj;bat;asm;asmx</Extensions>
    </Filter>
    <Filter Include="Archivos de encabezado">
      <UniqueIdentifier>{93995380-89BD-4b04-88EB-625FBE52EBFB}</UniqueIdentifier>
      <Extensions>h;hh;hpp;hxx;h++;hm;inl;inc;ipp;xsd</Extensions>
    </Filter>
    <Filter Include="Archivos de recursos">
      <UniqueIdentifier>{67DA6AB6-F800-4c08-8B7A-83BB121AAD01}</UniqueIdentifier>
      <Extensions>rc;ico;cur;bmp;dlg;rc2;rct;bin;rgs;gif;jpg;jpeg;jpe;resx;tiff;tif;png;wav;mfcribbon-ms</Extensions>
    </Filter>
    <Filter Include="Archivos de encabezado\Frames">
      <UniqueIdentifier>{28fd78a8-eeb3-4fa3-9b0e-ecb07dea9348}</UniqueIdentifier>
    </Filter>
    <Filter Include="Archivos de origen\Frames">
      <UniqueIdentifier>{d52b6877-e9b5-4bfe-9a3d-6be5ac9caa42}</UniqueIdentifier>
    </Filter>
    <Filter Include="Archivos de origen\Dialogs">
      <UniqueIdentifier>{7832ac9a-d073-4b12-8d3d-fb672ec11100}</UniqueIdentifier>
    </Filter>
    <Filter Include="Archivos de encabezado\Dialogs">
      <UniqueIdentifier>{2786fb80-e4b9-4209-bbcf-9968550c99f2}</UniqueIdentifier>
    </Filter>
  </ItemGroup>
  <ItemGroup>
    <ClInclude Include="resource.h">
      <Filter>Archivos de encabezado</Filter>
    </ClInclude>
    <ClInclude Include="GymDeskAdm.h">
      <Filter>Archivos de encabezado</Filter>
    </ClInclude>
    <ClInclude Include="MainFrame.h">
      <Filter>Archivos de encabezado\Frames</Filter>
    </ClInclude>
    <ClInclude Include="LoginDialog.h">
      <Filter>Archivos de encabezado</Filter>
    </ClInclude>
  </ItemGroup>
  <ItemGroup>
    <ClCompile Include="GymDeskAdm.cpp">
      <Filter>Archivos de origen</Filter>
    </ClCompile>
    <ClCompile Include="MainFrame.cpp">
      <Filter>Archivos de origen\Frames</Filter>
    </ClCompile>
    <ClCompile Include="LoginDialog.cpp">
      <Filter>Archivos de origen</Filter>
    </ClCompile>
  </ItemGroup>
  <ItemGroup>
    <ResourceCompile Include="GymDeskAdm.rc">
      <Filter>Archivos de recursos</Filter>
    </ResourceCompile>
  </ItemGroup>
</Project>